Microsoft Visual Studio Solution File, Format Version 12.00
# Visual Studio Version 17
VisualStudioVersion = 17.3.32929.385
MinimumVisualStudioVersion = 10.0.40219.1
Project("{803FD0C6-D64E-4E16-9DC3-1DAEC859A3D2}") = "diwo_label_1_1", "diwo_label_1_1.vgdbproj", "{E0B23510-E3D4-429C-B672-A017BBCD04AA}"
EndProject
Project("{803FD0C6-D64E-4E16-9DC3-1DAEC859A3D2}") = "test_batt", "..\test_batt\test_batt.vgdbproj", "{9B9A0491-812C-4578-8D47-13A8210B9A2C}"
EndProject
Global
	GlobalSection(SolutionConfigurationPlatforms) = preSolution
		Debug|diwo_label_ble_1_1 = Debug|diwo_label_ble_1_1
		Debug|nrf52840dk_nrf52840 = Debug|nrf52840dk_nrf52840
		Debug|nrf52dk_nrf52832 = Debug|nrf52dk_nrf52832
		Release|diwo_label_ble_1_1 = Release|diwo_label_ble_1_1
		Release|nrf52840dk_nrf52840 = Release|nrf52840dk_nrf52840
		Release|nrf52dk_nrf52832 = Release|nrf52dk_nrf52832
	EndGlobalSection
	GlobalSection(ProjectConfigurationPlatforms) = postSolution
		{E0B23510-E3D4-429C-B672-A017BBCD04AA}.Debug|diwo_label_ble_1_1.ActiveCfg = Debug|diwo_label_ble_1_1
		{E0B23510-E3D4-429C-B672-A017BBCD04AA}.Debug|diwo_label_ble_1_1.Build.0 = Debug|diwo_label_ble_1_1
		{E0B23510-E3D4-429C-B672-A017BBCD04AA}.Debug|nrf52840dk_nrf52840.ActiveCfg = Debug|diwo_label_ble_1_1
		{E0B23510-E3D4-429C-B672-A017BBCD04AA}.Debug|nrf52840dk_nrf52840.Build.0 = Debug|diwo_label_ble_1_1
		{E0B23510-E3D4-429C-B672-A017BBCD04AA}.Debug|nrf52dk_nrf52832.ActiveCfg = Debug|diwo_label_ble_1_1
		{E0B23510-E3D4-429C-B672-A017BBCD04AA}.Debug|nrf52dk_nrf52832.Build.0 = Debug|diwo_label_ble_1_1
		{E0B23510-E3D4-429C-B672-A017BBCD04AA}.Release|diwo_label_ble_1_1.ActiveCfg = Release|diwo_label_ble_1_1
		{E0B23510-E3D4-429C-B672-A017BBCD04AA}.Release|diwo_label_ble_1_1.Build.0 = Release|diwo_label_ble_1_1
		{E0B23510-E3D4-429C-B672-A017BBCD04AA}.Release|nrf52840dk_nrf52840.ActiveCfg = Release|diwo_label_ble_1_1
		{E0B23510-E3D4-429C-B672-A017BBCD04AA}.Release|nrf52840dk_nrf52840.Build.0 = Release|diwo_label_ble_1_1
		{E0B23510-E3D4-429C-B672-A017BBCD04AA}.Release|nrf52dk_nrf52832.ActiveCfg = Release|diwo_label_ble_1_1
		{E0B23510-E3D4-429C-B672-A017BBCD04AA}.Release|nrf52dk_nrf52832.Build.0 = Release|diwo_label_ble_1_1
		{9B9A0491-812C-4578-8D47-13A8210B9A2C}.Debug|diwo_label_ble_1_1.ActiveCfg = Debug|nrf52dk_nrf52832
		{9B9A0491-812C-4578-8D47-13A8210B9A2C}.Debug|diwo_label_ble_1_1.Build.0 = Debug|nrf52dk_nrf52832
		{9B9A0491-812C-4578-8D47-13A8210B9A2C}.Debug|nrf52840dk_nrf52840.ActiveCfg = Debug|nrf52dk_nrf52832
		{9B9A0491-812C-4578-8D47-13A8210B9A2C}.Debug|nrf52840dk_nrf52840.Build.0 = Debug|nrf52dk_nrf52832
		{9B9A0491-812C-4578-8D47-13A8210B9A2C}.Debug|nrf52dk_nrf52832.ActiveCfg = Debug|nrf52dk_nrf52832
		{9B9A0491-812C-4578-8D47-13A8210B9A2C}.Debug|nrf52dk_nrf52832.Build.0 = Debug|nrf52dk_nrf52832
		{9B9A0491-812C-4578-8D47-13A8210B9A2C}.Release|diwo_label_ble_1_1.ActiveCfg = Release|nrf52dk_nrf52832
		{9B9A0491-812C-4578-8D47-13A8210B9A2C}.Release|diwo_label_ble_1_1.Build.0 = Release|nrf52dk_nrf52832
		{9B9A0491-812C-4578-8D47-13A8210B9A2C}.Release|nrf52840dk_nrf52840.ActiveCfg = Release|nrf52dk_nrf52832
		{9B9A0491-812C-4578-8D47-13A8210B9A2C}.Release|nrf52840dk_nrf52840.Build.0 = Release|nrf52dk_nrf52832
		{9B9A0491-812C-4578-8D47-13A8210B9A2C}.Release|nrf52dk_nrf52832.ActiveCfg = Release|nrf52dk_nrf52832
		{9B9A0491-812C-4578-8D47-13A8210B9A2C}.Release|nrf52dk_nrf52832.Build.0 = Release|nrf52dk_nrf52832
	EndGlobalSection
	GlobalSection(SolutionProperties) = preSolution
		HideSolutionNode = FALSE
	EndGlobalSection
	GlobalSection(ExtensibilityGlobals) = postSolution
		SolutionGuid = {1C44EFB6-6E44-414A-8236-57E8D8FCBF54}
	EndGlobalSection
EndGlobal
